
Microsoft Visual Studio Solution File, Format Version 12.00
# Visual Studio Version 16
VisualStudioVersion = 16.0.30011.22
MinimumVisualStudioVersion = 10.0.40219.1
Project("{FAE04EC0-301F-11D3-BF4B-00C04F79EFBC}") = "Downloader", "Downloader\Downloader.csproj", "{9F92F2E6-6395-4541-A19B-DC42738C7CD8}"
EndProject
Global
	GlobalSection(SolutionConfigurationPlatforms) = preSolution
		Debug|Any CPU = Debug|Any CPU
		Release|Any CPU = Release|Any CPU
	EndGlobalSection
	GlobalSection(ProjectConfigurationPlatforms) = postSolution
		{9F92F2E6-6395-4541-A19B-DC42738C7CD8}.Debug|Any CPU.ActiveCfg = Debug|Any CPU
		{9F92F2E6-6395-4541-A19B-DC42738C7CD8}.Debug|Any CPU.Build.0 = Debug|Any CPU
		{9F92F2E6-6395-4541-A19B-DC42738C7CD8}.Release|Any CPU.ActiveCfg = Release|Any CPU
		{9F92F2E6-6395-4541-A19B-DC42738C7CD8}.Release|Any CPU.Build.0 = Release|Any CPU
	EndGlobalSection
	GlobalSection(SolutionProperties) = preSolution
		HideSolutionNode = FALSE
	EndGlobalSection
	GlobalSection(ExtensibilityGlobals) = postSolution
		SolutionGuid = {E6AC07FC-43C6-4B46-BDC1-FDB1F320B0C6}
	EndGlobalSection
EndGlobal
